
Microsoft Visual Studio Solution File, Format Version 12.00
# Visual Studio Version 16
VisualStudioVersion = 16.0.29926.136
MinimumVisualStudioVersion = 10.0.40219.1
Project("{8BC9CEB8-8B4A-11D0-8D11-00A0C91BC942}") = "EECE.3220 Programs", "EECE.3220 Programs\EECE.3220 Programs.vcxproj", "{60AAC549-928A-45B3-A1A4-74D350ED1136}"
EndProject
Global
	GlobalSection(SolutionConfigurationPlatforms) = preSolution
		Debug|x64 = Debug|x64
		Debug|x86 = Debug|x86
		Release|x64 = Release|x64
		Release|x86 = Release|x86
	EndGlobalSection
	GlobalSection(ProjectConfigurationPlatforms) = postSolution
		{60AAC549-928A-45B3-A1A4-74D350ED1136}.Debug|x64.ActiveCfg = Debug|x64
		{60AAC549-928A-45B3-A1A4-74D350ED1136}.Debug|x64.Build.0 = Debug|x64
		{60AAC549-928A-45B3-A1A4-74D350ED1136}.Debug|x86.ActiveCfg = Debug|Win32
		{60AAC549-928A-45B3-A1A4-74D350ED1136}.Debug|x86.Build.0 = Debug|Win32
		{60AAC549-928A-45B3-A1A4-74D350ED1136}.Release|x64.ActiveCfg = Release|x64
		{60AAC549-928A-45B3-A1A4-74D350ED1136}.Release|x64.Build.0 = Release|x64
		{60AAC549-928A-45B3-A1A4-74D350ED1136}.Release|x86.ActiveCfg = Release|Win32
		{60AAC549-928A-45B3-A1A4-74D350ED1136}.Release|x86.Build.0 = Release|Win32
	EndGlobalSection
	GlobalSection(SolutionProperties) = preSolution
		HideSolutionNode = FALSE
	EndGlobalSection
	GlobalSection(ExtensibilityGlobals) = postSolution
		SolutionGuid = {682A9568-DDDB-4B73-8ED4-A7DED744FD2F}
	EndGlobalSection
EndGlobal
